dependencies:
- name: llm-service
  repository: https://rh-ai-quickstart.github.io/ai-architecture-charts
  version: 0.5.4
- name: llama-stack
  repository: ""
  version: 0.7.2
- name: pgvector
  repository: https://rh-ai-quickstart.github.io/ai-architecture-charts
  version: 0.5.0
digest: sha256:acb4d3647d3c8988ab8a93a7f7a3bbccab44a59c3211c8ab71b250da7581f1e2
generated: "2026-03-09T12:17:05.542638-04:00"
