dependencies:
- name: llm-service
  repository: ""
  version: 0.5.4
- name: llama-stack
  repository: https://rh-ai-quickstart.github.io/ai-architecture-charts
  version: 0.5.3
- name: pgvector
  repository: https://rh-ai-quickstart.github.io/ai-architecture-charts
  version: 0.5.0
digest: sha256:e4460dde6bb68a29061fa72e3ac95f20905fc078c4a0c758ac847a283b3eb8b6
generated: "2026-03-06T14:09:43.910947-05:00"
